
Microsoft Visual Studio Solution File, Format Version 12.00
# Visual Studio Version 17
VisualStudioVersion = 17.10.35027.167
MinimumVisualStudioVersion = 10.0.40219.1
Project("{FAE04EC0-301F-11D3-BF4B-00C04F79EFBC}") = "swipeview-content-gesture", "swipeview-content-gesture\swipeview-content-gesture.csproj", "{18C51EE3-8E05-451F-84FC-F771B034457B}"
EndProject
Global
	GlobalSection(SolutionConfigurationPlatforms) = preSolution
		Debug|Any CPU = Debug|Any CPU
		Release|Any CPU = Release|Any CPU
	EndGlobalSection
	GlobalSection(ProjectConfigurationPlatforms) = postSolution
		{18C51EE3-8E05-451F-84FC-F771B034457B}.Debug|Any CPU.ActiveCfg = Debug|Any CPU
		{18C51EE3-8E05-451F-84FC-F771B034457B}.Debug|Any CPU.Build.0 = Debug|Any CPU
		{18C51EE3-8E05-451F-84FC-F771B034457B}.Debug|Any CPU.Deploy.0 = Debug|Any CPU
		{18C51EE3-8E05-451F-84FC-F771B034457B}.Release|Any CPU.ActiveCfg = Release|Any CPU
		{18C51EE3-8E05-451F-84FC-F771B034457B}.Release|Any CPU.Build.0 = Release|Any CPU
		{18C51EE3-8E05-451F-84FC-F771B034457B}.Release|Any CPU.Deploy.0 = Release|Any CPU
	EndGlobalSection
	GlobalSection(SolutionProperties) = preSolution
		HideSolutionNode = FALSE
	EndGlobalSection
	GlobalSection(ExtensibilityGlobals) = postSolution
		SolutionGuid = {4A19AF3F-5DE4-4C36-BBB0-94931B547F02}
	EndGlobalSection
EndGlobal
